<?xml version="1.0" encoding="utf-8"?>
<Project ToolsVersion="4.0" xmlns="http://schemas.microsoft.com/developer/msbuild/2003">
  <ItemGroup>
    <Filter Include="Source Files">
      <UniqueIdentifier>{4FC737F1-C7A5-4376-A066-2A32D752A2FF}</UniqueIdentifier>
      <Extensions>cpp;c;cc;cxx;c++;cppm;ixx;def;odl;idl;hpj;bat;asm;asmx</Extensions>
    </Filter>
    <Filter Include="Header Files">
      <UniqueIdentifier>{93995380-89BD-4b04-88EB-625FBE52EBFB}</UniqueIdentifier>
      <Extensions>h;hh;hpp;hxx;h++;hm;inl;inc;ipp;xsd</Extensions>
    </Filter>
    <Filter Include="Resource Files">
      <UniqueIdentifier>{67DA6AB6-F800-4c08-8B7A-83BB121AAD01}</UniqueIdentifier>
      <Extensions>rc;ico;cur;bmp;dlg;rc2;rct;bin;rgs;gif;jpg;jpeg;jpe;resx;tiff;tif;png;wav;mfcribbon-ms</Extensions>
    </Filter>
  </ItemGroup>
  <ItemGroup>
    <ClCompile Include="src\SixDOF.cpp">
      <Filter>Source Files</Filter>
    </ClCompile>
    <ClCompile Include="src\ECEFKinematics.cpp">
      <Filter>Source Files</Filter>
    </ClCompile>
    <ClCompile Include="src\EulerIntegrator.cpp">
      <Filter>Source Files</Filter>
    </ClCompile>
    <ClCompile Include="src\Integrator.cpp">
      <Filter>Source Files</Filter>
    </ClCompile>
    <ClCompile Include="src\RK4Integrator.cpp">
      <Filter>Source Files</Filter>
    </ClCompile>
    <ClCompile Include="src\IPhysicalPlatform.cpp">
      <Filter>Source Files</Filter>
    </ClCompile>
    <ClCompile Include="src\IPropulsion.cpp">
      <Filter>Source Files</Filter>
    </ClCompile>
    <ClCompile Include="src\IAerodynamics.cpp">
      <Filter>Source Files</Filter>
    </ClCompile>
    <ClCompile Include="src\IPhysicalModel.cpp">
      <Filter>Source Files</Filter>
    </ClCompile>
    <ClCompile Include="src\IMassInertia.cpp">
      <Filter>Source Files</Filter>
    </ClCompile>
    <ClCompile Include="src\NavigationUtils.cpp">
      <Filter>Source Files</Filter>
    </ClCompile>
    <ClCompile Include="src\INormal.cpp">
      <Filter>Source Files</Filter>
    </ClCompile>
    <ClCompile Include="src\PublishedState.cpp">
      <Filter>Source Files</Filter>
    </ClCompile>
    <ClCompile Include="src\IntegratorFactory.cpp">
      <Filter>Source Files</Filter>
    </ClCompile>
    <ClCompile Include="src\IKinematics.cpp">
      <Filter>Source Files</Filter>
    </ClCompile>
    <ClCompile Include="src\KinematicsFactory.cpp">
      <Filter>Source Files</Filter>
    </ClCompile>
    <ClCompile Include="src\FlatEarthKinematics.cpp">
      <Filter>Source Files</Filter>
    </ClCompile>
    <ClCompile Include="src\IActuators.cpp">
      <Filter>Source Files</Filter>
    </ClCompile>
  </ItemGroup>
  <ItemGroup>
    <ClInclude Include="inc\SixDOF.h">
      <Filter>Header Files</Filter>
    </ClInclude>
    <ClInclude Include="inc\IStatefulModel.h">
      <Filter>Header Files</Filter>
    </ClInclude>
    <ClInclude Include="inc\ECEFKinematics.h">
      <Filter>Header Files</Filter>
    </ClInclude>
    <ClInclude Include="inc\Integrator.h">
      <Filter>Header Files</Filter>
    </ClInclude>
    <ClInclude Include="inc\EulerIntegrator.h">
      <Filter>Header Files</Filter>
    </ClInclude>
    <ClInclude Include="inc\RK4Integrator.h">
      <Filter>Header Files</Filter>
    </ClInclude>
    <ClInclude Include="inc\IPhysicalPlatform.h">
      <Filter>Header Files</Filter>
    </ClInclude>
    <ClInclude Include="inc\IMassInertia.h">
      <Filter>Header Files</Filter>
    </ClInclude>
    <ClInclude Include="inc\IPropulsion.h">
      <Filter>Header Files</Filter>
    </ClInclude>
    <ClInclude Include="inc\IAerodynamics.h">
      <Filter>Header Files</Filter>
    </ClInclude>
    <ClInclude Include="inc\IStatelessModel.h">
      <Filter>Header Files</Filter>
    </ClInclude>
    <ClInclude Include="inc\IPhysicalModel.h">
      <Filter>Header Files</Filter>
    </ClInclude>
    <ClInclude Include="inc\TControls.h">
      <Filter>Header Files</Filter>
    </ClInclude>
    <ClInclude Include="inc\NavigationUtils.h">
      <Filter>Header Files</Filter>
    </ClInclude>
    <ClInclude Include="inc\INormal.h">
      <Filter>Header Files</Filter>
    </ClInclude>
    <ClInclude Include="inc\PublishedState.h">
      <Filter>Header Files</Filter>
    </ClInclude>
    <ClInclude Include="inc\IntegratorFactory.h">
      <Filter>Header Files</Filter>
    </ClInclude>
    <ClInclude Include="inc\IKinematics.h">
      <Filter>Header Files</Filter>
    </ClInclude>
    <ClInclude Include="inc\KinematicsFactory.h">
      <Filter>Header Files</Filter>
    </ClInclude>
    <ClInclude Include="inc\FlatEarthKinematics.h">
      <Filter>Header Files</Filter>
    </ClInclude>
    <ClInclude Include="inc\IActuators.h">
      <Filter>Header Files</Filter>
    </ClInclude>
    <ClInclude Include="inc\IMU_Config.h">
      <Filter>Header Files</Filter>
    </ClInclude>
  </ItemGroup>
</Project>