<?xml version="1.0" encoding="utf-8"?>
<Project ToolsVersion="4.0" xmlns="http://schemas.microsoft.com/developer/msbuild/2003">
  <ItemGroup>
    <Filter Include="Source Files">
      <UniqueIdentifier>{4FC737F1-C7A5-4376-A066-2A32D752A2FF}</UniqueIdentifier>
      <Extensions>cpp;c;cc;cxx;c++;cppm;ixx;def;odl;idl;hpj;bat;asm;asmx</Extensions>
    </Filter>
    <Filter Include="Header Files">
      <UniqueIdentifier>{93995380-89BD-4b04-88EB-625FBE52EBFB}</UniqueIdentifier>
      <Extensions>h;hh;hpp;hxx;h++;hm;inl;inc;ipp;xsd</Extensions>
    </Filter>
    <Filter Include="Resource Files">
      <UniqueIdentifier>{67DA6AB6-F800-4c08-8B7A-83BB121AAD01}</UniqueIdentifier>
      <Extensions>rc;ico;cur;bmp;dlg;rc2;rct;bin;rgs;gif;jpg;jpeg;jpe;resx;tiff;tif;png;wav;mfcribbon-ms</Extensions>
    </Filter>
  </ItemGroup>
  <ItemGroup>
    <ClInclude Include="inc\NewtonianEarthCentricGravity.h">
      <Filter>Header Files</Filter>
    </ClInclude>
    <ClInclude Include="inc\IAtmosphere.h">
      <Filter>Header Files</Filter>
    </ClInclude>
    <ClInclude Include="inc\IGravity.h">
      <Filter>Header Files</Filter>
    </ClInclude>
    <ClInclude Include="inc\Enviroment.h">
      <Filter>Header Files</Filter>
    </ClInclude>
    <ClInclude Include="inc\ConstantEarthCentricGravity.h">
      <Filter>Header Files</Filter>
    </ClInclude>
    <ClInclude Include="inc\GravityFactory.h">
      <Filter>Header Files</Filter>
    </ClInclude>
    <ClInclude Include="inc\StandartAtmosphere1976.h">
      <Filter>Header Files</Filter>
    </ClInclude>
    <ClInclude Include="inc\AtmosphereFactory.h">
      <Filter>Header Files</Filter>
    </ClInclude>
    <ClInclude Include="inc\NoAtmosphere.h">
      <Filter>Header Files</Filter>
    </ClInclude>
    <ClInclude Include="inc\EarthType.h">
      <Filter>Header Files</Filter>
    </ClInclude>
    <ClInclude Include="inc\NoGravity.h">
      <Filter>Header Files</Filter>
    </ClInclude>
    <ClInclude Include="inc\ConstantGravity.h">
      <Filter>Header Files</Filter>
    </ClInclude>
    <ClInclude Include="inc\NewtonianNormal.h">
      <Filter>Header Files</Filter>
    </ClInclude>
    <ClInclude Include="inc\ConstantAtmosphere.h">
      <Filter>Header Files</Filter>
    </ClInclude>
    <ClInclude Include="inc\IMagneticField.h">
      <Filter>Header Files</Filter>
    </ClInclude>
    <ClInclude Include="inc\NoneMagneticField.h">
      <Filter>Header Files</Filter>
    </ClInclude>
    <ClInclude Include="inc\TiltedDipoleMagneticField.h">
      <Filter>Header Files</Filter>
    </ClInclude>
    <ClInclude Include="inc\MagneticFieldFactory.h">
      <Filter>Header Files</Filter>
    </ClInclude>
  </ItemGroup>
  <ItemGroup>
    <ClCompile Include="src\NewtonianEarthCentricGravity.cpp">
      <Filter>Source Files</Filter>
    </ClCompile>
    <ClCompile Include="src\Enviroment.cpp">
      <Filter>Source Files</Filter>
    </ClCompile>
    <ClCompile Include="src\ConstantEarthCentricGravity.cpp">
      <Filter>Source Files</Filter>
    </ClCompile>
    <ClCompile Include="src\GravityFactory.cpp">
      <Filter>Source Files</Filter>
    </ClCompile>
    <ClCompile Include="src\StandartAtmosphere1976.cpp">
      <Filter>Source Files</Filter>
    </ClCompile>
    <ClCompile Include="src\AtmosphereFactory.cpp">
      <Filter>Source Files</Filter>
    </ClCompile>
    <ClCompile Include="src\EarthType.cpp">
      <Filter>Source Files</Filter>
    </ClCompile>
    <ClCompile Include="src\NewtonianNormal.cpp">
      <Filter>Source Files</Filter>
    </ClCompile>
    <ClCompile Include="src\ConstantAtmosphere.cpp">
      <Filter>Source Files</Filter>
    </ClCompile>
    <ClCompile Include="src\TiltedDipoleMagneticField.cpp">
      <Filter>Source Files</Filter>
    </ClCompile>
    <ClCompile Include="src\MagneticFieldFactory.cpp">
      <Filter>Source Files</Filter>
    </ClCompile>
  </ItemGroup>
</Project>